lockfile_version = 2

[nodes."API_Reference.md"]
type = "source"
hash = "b3:205a977fbe427273815059b8df8fbc165f66814bdde2d9ad27da9bc3a2d9006a"

[nodes."CHANGELOG.md"]
type = "source"
hash = "b3:ce9cb8dd0989cd1f16f48249ad523ec3fda55bdc33b299e95d4141888fb9197c"

[nodes."architecture.md"]
type = "source"
hash = "b3:c7c1c5500fdad842dd104b8d3c7a1865adeb73e41c911057b78c9410ad6dddf4"

[nodes."contributing.md"]
type = "source"
hash = "b3:880ca9c4ca7231d3d7d17e3c9b61f2e861af5988638a7eb4459bd59b9c86ceaf"

[nodes."faq.md"]
type = "source"
hash = "b3:244c943a876ec858d1d140f33cf6a4a6255285b74c171353a5b127a6d2b7b869"

[nodes."getting-started.md"]
type = "source"
hash = "b3:63da620b31ee6159dd31ee5f41725e7b4612b056a50f93166d9ba3819ba6228e"

[nodes."index.md"]
type = "source"
hash = "b3:92e094b8c6d1933e1dfc2aaa7368a416181ac2c7d442fcf54d221f4a9aa398fe"

[nodes."troubleshooting.md"]
type = "source"
hash = "b3:023405725169f2708aeae31d8595cf1170e90ab7bc84dc22ef4c5ad60e0129d4"
