lockfile_version = 2

[nodes."README.md"]
type = "file"
hash = "b3:1686a4acda5bf198cea1dd641ae75ea14279de784d9842f8c0f1c9918ff8f56e"

[nodes."guides/README.md"]
type = "file"
hash = "b3:af1349b9f5f9a1a6a0404dea36dcc9499bcb25c9adc112b7cc9a93cae41f3262"

[nodes."index.md"]
type = "file"
hash = "b3:b0372971c8b053628d23eb867c6300682183adc20868cd81472ebd80d9bbe2a2"

[nodes."orphan.md"]
type = "file"
hash = "b3:e51a04303cb07197387a2a7380d2c752b3a0da97c2f45392d4fdfa23a8c359c0"

[nodes."setup.md"]
type = "file"
hash = "b3:887d6f65194c9f06d034edfed1d50aa4f60f44bd28fd317c3266dec81d00e6d4"
