# drft.lock — generated by `drft lock`. Do not edit by hand.

[[node]]
path = ".claude/settings.json"
hash = "b3:62755c203fe2de271300144fb06ce4bb31984c9d022632e77023ba5d3828f94c"

[[node]]
path = ".github/workflows/ci.yml"
hash = "b3:c2a4b7debc3760dce23086a3b63b04cbdc51318b091e5f50692d5e587de12e6e"

[[node]]
path = ".github/workflows/publish.yml"
hash = "b3:ec864a574a36f21d800a18135118a778b34bd5b4424be43ec9bab71c89e8fb4d"

[[node]]
path = ".github/workflows/release.yml"
hash = "b3:1441b37db086033ab82ff2795298724b4192812f7bc47f676c94c2946372f45e"

[[node]]
path = ".gitignore"
hash = "b3:fdfab84f5fb35961e9a6a9b20c82f2c9f60ca9c9ab801eaa055e286d46ceb5bd"

[[node]]
path = "CHANGELOG.md"
hash = "b3:4fa2ecf0dab4fab97431d9a7bac702a46ba9179eaa518b49ab25bf31302c4e55"

[[node]]
path = "CLAUDE.md"
hash = "b3:f0ef1960837ebcd537416d01eb040e1c6ef97510319887bcd9f183efc10ee637"

[[node.edge]]
target = "RELEASING.md"
target_hash = "b3:487a739269373875e508ecc49686d1ae580cdc8b770da7ac70f47b48f6ecb964"

[[node.edge]]
target = "src/compose.rs"
target_hash = "b3:b1a7dc9621d4ff6bceb9d4e1b527a7c4abefe22cd7c996397b8f0ad3e6341391"

[[node]]
path = "CONTRIBUTING.md"
hash = "b3:f50e039efee7e59f1379888cd90714d6bfafa933e50bc3a1091f3a485fad0b7d"

[[node.edge]]
target = "docs/parsers/README.md"
target_hash = "b3:202ad759d688b9521352cd639cd04706131d9e8b00b6362c6dd1f49283e90201"

[[node.edge]]
target = "docs/rules/README.md"
target_hash = "b3:d1b6f37e2efe0ac232d228624e8be281e1e8ef5ed997a3b84d23d9a525866ce0"

[[node.edge]]
target = "src/builders/mod.rs"
target_hash = "b3:ae67a35ee250ecd151d8e57df4277b28a908b6727d76c130527db0663ebf4d13"

[[node.edge]]
target = "src/compose.rs"
target_hash = "b3:b1a7dc9621d4ff6bceb9d4e1b527a7c4abefe22cd7c996397b8f0ad3e6341391"

[[node.edge]]
target = "src/config.rs"
target_hash = "b3:71ee3ac5b374ebefdcc0dd9db863ac86cd4dfbfa0052b18fc86427f0de13e8da"

[[node.edge]]
target = "src/graphs/mod.rs"
target_hash = "b3:ee0a6eff00d1b7c73ae7a7613422501c3290ec758e9e8eb147b220b89c234b42"

[[node.edge]]
target = "src/lock.rs"
target_hash = "b3:59d5b59a2415a93ab85f45c4dbd746c1c0050f2edbfe2a326b9dbc613b177885"

[[node.edge]]
target = "src/model.rs"
target_hash = "b3:4bff522a597da301480a34ed3d8c61eca85277e93f6ed1f173b8f84db49b33e1"

[[node.edge]]
target = "src/parsers/mod.rs"
target_hash = "b3:520ad18b8bb4fab4f1efce2913a0c59f2ab443f64178cd37cad77840b7f0b1b7"

[[node.edge]]
target = "src/rules/check.rs"
target_hash = "b3:d2dbd0cbbfecc2d0681b0860cb9e29d982f44d4a1a8d0fff39ff56665cd07731"

[[node.edge]]
target = "src/sources/fs.rs"
target_hash = "b3:5ceb21d8479e3b8c67955283a834bf020a96c4af6e52358239cf048e419aad2b"

[[node.edge]]
target = "src/util.rs"
target_hash = "b3:6ce4d5c42026071af2b68201e9debff0112ad9d9d8d8fc75d16d562d5fc1a798"

[[node]]
path = "Cargo.toml"
hash = "b3:88647d4cec1e9c7d24d531c2afb5d8b08cef2410cb12f0a65641c183aa69fc2d"

[[node]]
path = "LICENSE"
hash = "b3:871c2fd5cdfe89fa6ff01664a1420bf40d0ab18c0e250e59a3ab27225f31bb0e"

[[node]]
path = "README.md"
hash = "b3:cb68820093cc3174fb7ec675c4a412d7158086c0cc1576f663a250276abaeb32"

[[node.edge]]
target = "CLAUDE.md"
target_hash = "b3:f0ef1960837ebcd537416d01eb040e1c6ef97510319887bcd9f183efc10ee637"

[[node.edge]]
target = "docs/README.md"
target_hash = "b3:c30b2ff12152bf7e937087e664461ed7b845d3aa7b266a38aac5a7e98b872a59"

[[node.edge]]
target = "docs/config.md"
target_hash = "b3:ba380aa56e9ff7a5cb6186ac81b46b93c01ca693f72e95e8156f79bc932b4f7d"

[[node.edge]]
target = "docs/reading.md"
target_hash = "b3:0cdc5fd29704fe11da05b636ddbce6e2c40ad380f618f85a8d1905aacca905ea"

[[node.edge]]
target = "https://github.com/johnmdonahue/drft-cli/releases"

[[node]]
path = "RELEASING.md"
hash = "b3:487a739269373875e508ecc49686d1ae580cdc8b770da7ac70f47b48f6ecb964"

[[node]]
path = "dist-workspace.toml"
hash = "b3:70c1b3ef7b655bf68cbb1a35b6d9683924c97b34b9f6647f9aef507ef116cebf"

[[node]]
path = "docs/README.md"
hash = "b3:c30b2ff12152bf7e937087e664461ed7b845d3aa7b266a38aac5a7e98b872a59"

[[node.edge]]
target = "docs/config.md"
target_hash = "b3:ba380aa56e9ff7a5cb6186ac81b46b93c01ca693f72e95e8156f79bc932b4f7d"

[[node.edge]]
target = "docs/parsers/README.md"
target_hash = "b3:202ad759d688b9521352cd639cd04706131d9e8b00b6362c6dd1f49283e90201"

[[node.edge]]
target = "docs/reading.md"
target_hash = "b3:0cdc5fd29704fe11da05b636ddbce6e2c40ad380f618f85a8d1905aacca905ea"

[[node.edge]]
target = "docs/rules/README.md"
target_hash = "b3:d1b6f37e2efe0ac232d228624e8be281e1e8ef5ed997a3b84d23d9a525866ce0"

[[node]]
path = "docs/config.md"
hash = "b3:ba380aa56e9ff7a5cb6186ac81b46b93c01ca693f72e95e8156f79bc932b4f7d"

[[node.edge]]
target = "docs/parsers/README.md"
target_hash = "b3:202ad759d688b9521352cd639cd04706131d9e8b00b6362c6dd1f49283e90201"

[[node.edge]]
target = "docs/parsers/frontmatter.md"
target_hash = "b3:808bf7247bc6b2fcb039f44176c6bd96023c6d9461d8d672e3d67db3414e5fc0"

[[node.edge]]
target = "docs/reading.md"
target_hash = "b3:0cdc5fd29704fe11da05b636ddbce6e2c40ad380f618f85a8d1905aacca905ea"

[[node.edge]]
target = "docs/rules/README.md"
target_hash = "b3:d1b6f37e2efe0ac232d228624e8be281e1e8ef5ed997a3b84d23d9a525866ce0"

[[node.edge]]
target = "src/cli.rs"
target_hash = "b3:5f396f41a7ac62dc62594654290ade1d0ea53491a526ffcc8b5b856e5158f724"

[[node.edge]]
target = "src/config.rs"
target_hash = "b3:71ee3ac5b374ebefdcc0dd9db863ac86cd4dfbfa0052b18fc86427f0de13e8da"

[[node]]
path = "docs/parsers/README.md"
hash = "b3:202ad759d688b9521352cd639cd04706131d9e8b00b6362c6dd1f49283e90201"

[[node.edge]]
target = "docs/parsers/frontmatter.md"
target_hash = "b3:808bf7247bc6b2fcb039f44176c6bd96023c6d9461d8d672e3d67db3414e5fc0"

[[node.edge]]
target = "docs/parsers/markdown.md"
target_hash = "b3:3f462d3841e40b0b6e9eb79ebe63f8289695e9f51ba0dae761b639c5a58b6a84"

[[node.edge]]
target = "src/parsers/mod.rs"
target_hash = "b3:520ad18b8bb4fab4f1efce2913a0c59f2ab443f64178cd37cad77840b7f0b1b7"

[[node]]
path = "docs/parsers/frontmatter.md"
hash = "b3:808bf7247bc6b2fcb039f44176c6bd96023c6d9461d8d672e3d67db3414e5fc0"

[[node.edge]]
target = "docs/config.md"
target_hash = "b3:ba380aa56e9ff7a5cb6186ac81b46b93c01ca693f72e95e8156f79bc932b4f7d"

[[node.edge]]
target = "docs/parsers/markdown.md"
target_hash = "b3:3f462d3841e40b0b6e9eb79ebe63f8289695e9f51ba0dae761b639c5a58b6a84"

[[node.edge]]
target = "src/parsers/frontmatter.rs"
target_hash = "b3:99e160bf6479d2eb5e558d6c4d3221f96eb25aa9e046581500ae52bd9755cd00"

[[node]]
path = "docs/parsers/markdown.md"
hash = "b3:3f462d3841e40b0b6e9eb79ebe63f8289695e9f51ba0dae761b639c5a58b6a84"

[[node.edge]]
target = "docs/config.md"
target_hash = "b3:ba380aa56e9ff7a5cb6186ac81b46b93c01ca693f72e95e8156f79bc932b4f7d"

[[node.edge]]
target = "docs/parsers/frontmatter.md"
target_hash = "b3:808bf7247bc6b2fcb039f44176c6bd96023c6d9461d8d672e3d67db3414e5fc0"

[[node.edge]]
target = "docs/rules/README.md"
target_hash = "b3:d1b6f37e2efe0ac232d228624e8be281e1e8ef5ed997a3b84d23d9a525866ce0"

[[node.edge]]
target = "src/parsers/markdown.rs"
target_hash = "b3:5cccff428d78c4982b68930ad7c58f8a11241125dad0f187e32b1965cca2d854"

[[node]]
path = "docs/reading.md"
hash = "b3:0cdc5fd29704fe11da05b636ddbce6e2c40ad380f618f85a8d1905aacca905ea"

[[node.edge]]
target = "src/cli.rs"
target_hash = "b3:5f396f41a7ac62dc62594654290ade1d0ea53491a526ffcc8b5b856e5158f724"

[[node.edge]]
target = "src/config.rs"
target_hash = "b3:71ee3ac5b374ebefdcc0dd9db863ac86cd4dfbfa0052b18fc86427f0de13e8da"

[[node.edge]]
target = "src/edges.rs"
target_hash = "b3:0b283749b6c5aa951115cf6e5425511aa9b9c5c913071025575a5c453854a2f4"

[[node.edge]]
target = "src/impact.rs"
target_hash = "b3:964899e67f4d2441011e8fa0258e7ab3c3b5c81124999d1882dd0ba79d353526"

[[node.edge]]
target = "src/main.rs"
target_hash = "b3:c71943a64bb40d63c27270ee960a4a58cb3d39e03e60886cd49beee0f652fb38"

[[node.edge]]
target = "src/nodes.rs"
target_hash = "b3:bd63f170e88bb37482e7384aa3becb20cea1d7dfcf2be4b4ab79a8e636329920"

[[node.edge]]
target = "src/projection.rs"
target_hash = "b3:977a3c47ee9ee201e25f4f1d091939ea1212c4947f38a6732c3a7bde1da99599"

[[node]]
path = "docs/rules/README.md"
hash = "b3:d1b6f37e2efe0ac232d228624e8be281e1e8ef5ed997a3b84d23d9a525866ce0"

[[node.edge]]
target = "docs/reading.md"
target_hash = "b3:0cdc5fd29704fe11da05b636ddbce6e2c40ad380f618f85a8d1905aacca905ea"

[[node.edge]]
target = "src/config.rs"
target_hash = "b3:71ee3ac5b374ebefdcc0dd9db863ac86cd4dfbfa0052b18fc86427f0de13e8da"

[[node.edge]]
target = "src/rules/staleness.rs"
target_hash = "b3:f592a8dd3264b1975fbfc2da5958b0a5999efa513b2ca51b2a9df5fa602e388d"

[[node.edge]]
target = "src/rules/structural.rs"
target_hash = "b3:b9c6d4ae5a708ccf3178e18b9d3c22e5839b0b1f612f68f008eb9f8baaf09b00"

[[node]]
path = "dprint.json"
hash = "b3:d5d34129a3b5777158c5e4241ecb5d7a829df2e94a967f6b586dfbb5ab9e94a7"

[[node]]
path = "drft.toml"
hash = "b3:a6e8628d7cdc6398e145216b9b4c9c7ec99253f42b672cfdb0f45ce0257bad55"

[[node]]
path = "npm/README.md"
hash = "b3:d01d34d3dc92a081460aa815cfcadb73a1293177e1f7f160b721a1e514ec4456"

[[node.edge]]
target = "https://github.com/johnmdonahue/drft-cli"

[[node]]
path = "npm/bin/drft"
hash = "b3:34c10356db34926a2fdc24569c1ba7e54ea6a3d9021523af809bf956ee9e2629"

[[node]]
path = "npm/install.js"
hash = "b3:32f1eb477c9afdd6a951c6a4a7073064be720b6949488bc276cdf56205b4e04b"

[[node]]
path = "npm/package.json"
hash = "b3:53a3dc0ad192b3874c651e31e595c34d85a926f114a1cadbd99b0cd0c1090f5e"

[[node]]
path = "src/builders/frontmatter.rs"
hash = "b3:426cba2a7d9dc1d34a423017990ef9afcb8e1da9bbf52160d67b667032716c6e"

[[node]]
path = "src/builders/fs.rs"
hash = "b3:14212926d3fcfab0fbe79bf252ce172ce7cbea13ad8734b89b3f95737384b288"

[[node]]
path = "src/builders/markdown.rs"
hash = "b3:368d6412c44f03cb2df4d21bc73f5673a722d7cba11cc67bfc52b988aa2bc525"

[[node]]
path = "src/builders/mod.rs"
hash = "b3:ae67a35ee250ecd151d8e57df4277b28a908b6727d76c130527db0663ebf4d13"

[[node]]
path = "src/cli.rs"
hash = "b3:5f396f41a7ac62dc62594654290ade1d0ea53491a526ffcc8b5b856e5158f724"

[[node]]
path = "src/compose.rs"
hash = "b3:b1a7dc9621d4ff6bceb9d4e1b527a7c4abefe22cd7c996397b8f0ad3e6341391"

[[node]]
path = "src/config.rs"
hash = "b3:71ee3ac5b374ebefdcc0dd9db863ac86cd4dfbfa0052b18fc86427f0de13e8da"

[[node]]
path = "src/diagnostic.rs"
hash = "b3:453d539a154acd8da484f882cb867f1486fb517afedc5bcabbc95762c9d535cd"

[[node]]
path = "src/edges.rs"
hash = "b3:0b283749b6c5aa951115cf6e5425511aa9b9c5c913071025575a5c453854a2f4"

[[node]]
path = "src/graphs/mod.rs"
hash = "b3:ee0a6eff00d1b7c73ae7a7613422501c3290ec758e9e8eb147b220b89c234b42"

[[node]]
path = "src/hints.rs"
hash = "b3:a62f9c29456c50ecc98eb6cacc751785d50bc27373dffc7755b1601323e79ce7"

[[node]]
path = "src/impact.rs"
hash = "b3:964899e67f4d2441011e8fa0258e7ab3c3b5c81124999d1882dd0ba79d353526"

[[node]]
path = "src/lib.rs"
hash = "b3:8ed1c010521de4d91b9399d4a34135e398a7eca2dad6c5a7488e7ce63e8df16a"

[[node]]
path = "src/lock.rs"
hash = "b3:59d5b59a2415a93ab85f45c4dbd746c1c0050f2edbfe2a326b9dbc613b177885"

[[node]]
path = "src/main.rs"
hash = "b3:c71943a64bb40d63c27270ee960a4a58cb3d39e03e60886cd49beee0f652fb38"

[[node]]
path = "src/model.rs"
hash = "b3:4bff522a597da301480a34ed3d8c61eca85277e93f6ed1f173b8f84db49b33e1"

[[node]]
path = "src/nodes.rs"
hash = "b3:bd63f170e88bb37482e7384aa3becb20cea1d7dfcf2be4b4ab79a8e636329920"

[[node]]
path = "src/parsers/frontmatter.rs"
hash = "b3:99e160bf6479d2eb5e558d6c4d3221f96eb25aa9e046581500ae52bd9755cd00"

[[node]]
path = "src/parsers/markdown.rs"
hash = "b3:5cccff428d78c4982b68930ad7c58f8a11241125dad0f187e32b1965cca2d854"

[[node]]
path = "src/parsers/mod.rs"
hash = "b3:520ad18b8bb4fab4f1efce2913a0c59f2ab443f64178cd37cad77840b7f0b1b7"

[[node]]
path = "src/parsers/slug.rs"
hash = "b3:25b3d0cfb5577d50ad2a1fe04c4f3a2de261f16f2b1f6d84328e8edd5a6c29a0"

[[node]]
path = "src/projection.rs"
hash = "b3:977a3c47ee9ee201e25f4f1d091939ea1212c4947f38a6732c3a7bde1da99599"

[[node]]
path = "src/rules/check.rs"
hash = "b3:d2dbd0cbbfecc2d0681b0860cb9e29d982f44d4a1a8d0fff39ff56665cd07731"

[[node]]
path = "src/rules/mod.rs"
hash = "b3:d0d9375798b024026856d2969e34cc2cf8403c701db59565526192500e1040fe"

[[node]]
path = "src/rules/staleness.rs"
hash = "b3:f592a8dd3264b1975fbfc2da5958b0a5999efa513b2ca51b2a9df5fa602e388d"

[[node]]
path = "src/rules/structural.rs"
hash = "b3:b9c6d4ae5a708ccf3178e18b9d3c22e5839b0b1f612f68f008eb9f8baaf09b00"

[[node]]
path = "src/sources/fs.rs"
hash = "b3:5ceb21d8479e3b8c67955283a834bf020a96c4af6e52358239cf048e419aad2b"

[[node]]
path = "src/sources/mod.rs"
hash = "b3:51304c236b62afa173e08da13dd8601ca9a469ebc07310aa64ebe1c555347bbf"

[[node]]
path = "src/util.rs"
hash = "b3:6ce4d5c42026071af2b68201e9debff0112ad9d9d8d8fc75d16d562d5fc1a798"

[[node]]
path = "tests/check.rs"
hash = "b3:5b502630b3b7ecbec295d74f1f8924e55e324fdc7e2ff16a4b36a499a25c5dd9"

[[node]]
path = "tests/common/mod.rs"
hash = "b3:9ac502fbe6e46aa6ad8ec985b23592a63313730cb1af9459e43235663d4d7847"

[[node]]
path = "tests/edges.rs"
hash = "b3:8e7a74efdcda6af80492e61235019353248b34aecb485f0d1cd7ae27ff489fd1"

[[node]]
path = "tests/graph.rs"
hash = "b3:153e1893885689f0e81ff501180c0983b76414b37fae31fca408d6083f5f0be8"

[[node]]
path = "tests/hints.rs"
hash = "b3:173a1f228b82f09ccea00e1df74361632b972db29d678d7e211206080b220bf1"

[[node]]
path = "tests/impact.rs"
hash = "b3:7ef3fcf111c31dc264387d849c7cbdf2e76a2ca1662dabb6d82b1572a21d134e"

[[node]]
path = "tests/init.rs"
hash = "b3:dc15abb7afc8314627fd1346ade4e129ad9796ddcbab651d82f342c15db03dfc"

[[node]]
path = "tests/lock.rs"
hash = "b3:c28ef1f7e3b6f5212e31bb0af838004a1a8920b5b4b04a8b969d4c00f34fc316"

[[node]]
path = "tests/nodes.rs"
hash = "b3:5a150c88e48a59c6a010cbf87d0ba753d143494d4f9664610e8ca42acfacb9ae"

[[node]]
path = "tests/output.rs"
hash = "b3:d7ef6af77459cc2bd4582565b3162d730995820c54120aeecca361c093f7214d"

[[node]]
path = "tests/parsers.rs"
hash = "b3:e4c83976b9be3fd4906a951c899db03296c99e19b239d667a57c1d48361f4b61"

[[node]]
path = "tests/rules.rs"
hash = "b3:c6a071f2c93046d26b7f93103866437f7dec24111474c44eb59b35f77e7b3450"
