lockfile_version = 2

[nodes.".claude/settings.json"]
hash = "b3:62755c203fe2de271300144fb06ce4bb31984c9d022632e77023ba5d3828f94c"

[nodes."CLAUDE.md"]
hash = "b3:c87bdb294badbf65e047093f78a570f9bd54b2301e1daf6c2b8091831b8956e9"

[nodes."CONTRIBUTING.md"]
hash = "b3:202bdbfe0bfe8cdd2d6f010cacf4a5d7f5e0d63092c89471a2af6c7cc9e7331a"

[nodes."README.md"]
hash = "b3:74ad9302313ee6f753637f62ddb3ee5db5aca5f8a69f125e39046182f624fe6d"

[nodes."RELEASING.md"]
hash = "b3:a19242513f209cc06c4f861998eb903bfd7461721b149ddeceab07f4364e5782"

[nodes."docs/README.md"]
hash = "b3:3b980a7699f0ee7ba744ffc26166fa3ae442158700585718a7350d40e49ca579"

[nodes."docs/analyses/README.md"]
hash = "b3:55a1b6fe9a5e4cc91537e4e0eb013e322251cdf68ea50ebab76f5c315897bef1"

[nodes."docs/analyses/betweenness.md"]
hash = "b3:15ae3c5335d05ce76c297adaf4654ebb1e64b7f91f0429016754fea82b206ead"

[nodes."docs/analyses/bridges.md"]
hash = "b3:52d4e78cd2b3c3b1fa1cd75cabb252af8c9abc36470165bdcc4154036a89a44c"

[nodes."docs/analyses/change-propagation.md"]
hash = "b3:bda2d099bebccc31201972852a375ab97667024f027fc0cc7d78021dd137ad6a"

[nodes."docs/analyses/connected-components.md"]
hash = "b3:9aaa2c8ce9bfd426f789e1287df169ef4a26b230289245b22108d4967a805838"

[nodes."docs/analyses/degree.md"]
hash = "b3:b07c0bf4e4118b267a89bd1d77b753339bde88a5d109b4ee416e16c022459c55"

[nodes."docs/analyses/depth.md"]
hash = "b3:3d005bb79c9a6d9d67019aa07530d795f36909ccbe85acd429ba7f54792fa320"

[nodes."docs/analyses/graph-stats.md"]
hash = "b3:ec1e02a92a9dfce01112ac32d37bf8e5897050b2080787a6e485072e4421eaf1"

[nodes."docs/analyses/impact-radius.md"]
hash = "b3:7841006579377005df4efb77897226e24fce1ca2fc9d636113fc1fd18a389662"

[nodes."docs/analyses/pagerank.md"]
hash = "b3:be36013038ad3003ee330b1b9d72b28897f3a2bab00662da118f7c7d1a3d55fe"

[nodes."docs/analyses/scc.md"]
hash = "b3:03aecfc61b670952cad1923fe931e158467bf402faf196477435a9100be18941"

[nodes."docs/analyses/transitive-reduction.md"]
hash = "b3:c76cee3729d2d4b81a1ebcb22d26c4b9326b3122582747c82a9c90775fb15504"

[nodes."docs/config.md"]
hash = "b3:1b1a9f8a4f8f5def7aff64029d36426bb1c4615f94ad0bef486b2cc62872f76b"

[nodes."docs/discovery.md"]
hash = "b3:02d0f0fcc5f5c8b2f748472e04065876daf9bb8c57c4c30788588f4dc0987376"

[nodes."docs/graph.md"]
hash = "b3:826b222799588f6c15048b10667fe426e3a16f707dbeb63e38328e1106ee45f4"

[nodes."docs/parsers/README.md"]
hash = "b3:9ccdeb872ecb119a993e61722bcdf248a171379193bbd12734100d326b583a6c"

[nodes."docs/parsers/custom.md"]
hash = "b3:3e7528f4c0c93c9c3ec8c57ad5588ec4b51ee5b540b4a1f3a690c6fbe8ac039d"

[nodes."docs/parsers/frontmatter.md"]
hash = "b3:bd52502f4f916ced07390d6ffeea38124d60b51ccc77c6f303edc9ccf760e2be"

[nodes."docs/parsers/markdown.md"]
hash = "b3:1ec9930724e0c3e9a420c871930b0429c6fdece2a444cf2becc53dcb2937191f"

[nodes."docs/rules/README.md"]
hash = "b3:e665b99262b75d482f735f9bb01424e0ca3161236a2f84f84d0cd85f46dd2312"

[nodes."docs/rules/custom.md"]
hash = "b3:959bef6b71dcb99f976364a2108556d1fed9578efe496422df8bd9af6167f8a1"

[nodes."docs/rules/directed-cycle.md"]
hash = "b3:4586616cef03f44d7a3974ac4883c23a0aa005d4e1cbb8b719c510a9270fbfbc"

[nodes."docs/rules/fragmentation.md"]
hash = "b3:7abf1334024b6131fa282e5c3c81da6c37eea269aeb9d2557d8e3d4da8d9c646"

[nodes."docs/rules/orphan-node.md"]
hash = "b3:5aab564d7bd70c20baa4615c5e9370d5d92069b27df89d8870a83cca03612bab"

[nodes."docs/rules/schema-violation.md"]
hash = "b3:7d129b80b9b7c997a2c6be2a561cf3565d00f7e01146b0335cf87adcc82c99e1"

[nodes."docs/rules/stale.md"]
hash = "b3:222359939ba50b8de12fdb162b775f84393f28389f0183ee6aae3a832a02a9e3"

[nodes."docs/rules/symlink-edge.md"]
hash = "b3:ddd65377812d1bb5b210b61c9a491e5425485473894e95b70f0df8e8061bd9f3"

[nodes."docs/rules/unresolved-edge.md"]
hash = "b3:582a42a9e9b37c77ca845123fedc24f8fa36dfb60cf572fcd110c47e21fd2e05"

[nodes."examples/README.md"]
hash = "b3:3310b6e1a2c97ebe22fb5cc9169d34798fac24f2af3bba3880f7fd6b66f33254"

[nodes."examples/broken/README.md"]
hash = "b3:969014f8d016b065ade96b9a9094eccd0fd6dac4d98be0b7dfc532b8ec5a8424"

[nodes."examples/custom-rules/README.md"]
hash = "b3:a54420fe4c2b9bb7b5def8076ae03d08bfed5813fe2c900650af505a3d2a62ae"

[nodes."examples/cyclic/README.md"]
hash = "b3:11b31a27f9aa7040ea8b1987cc3129f69660960f601a07a41d7e77789b64cb08"

[nodes."examples/simple/README.md"]
hash = "b3:1011a338cf10077566f6779af0bf1c8f813cb7eaeffdb8a7e07bc1a473b1dcfe"

[nodes."examples/with-assets/README.md"]
hash = "b3:64fd306e12a40d8634f7ae0c28ee7d39acdcaf7837fa0a464ebbadf18d0983c6"

[nodes."examples/with-config/README.md"]
hash = "b3:cc4628d65d8938481eff4b7920efd2680154e797d433bc4a75cb362a448dfb29"

[nodes."src/analyses/betweenness.rs"]
hash = "b3:1f27780da388d611127968340387c65c4b8c774dd1b5fb171005918c78f9b31b"

[nodes."src/analyses/bridges.rs"]
hash = "b3:de6db0ff40837088abaac051b35a7a6458859098c5df2a0d78b3d3db8b9dafa7"

[nodes."src/analyses/change_propagation.rs"]
hash = "b3:37dfe0a4787dd740e2f2d9b51ba6ec753614fa8f3f47dfb68256b0dc9740a54d"

[nodes."src/analyses/connected_components.rs"]
hash = "b3:3e7adae2daabda7f0d156ba0ebe7b4185e0b211eadc1507e1c577c3942f5ca48"

[nodes."src/analyses/degree.rs"]
hash = "b3:7aa00453cf8ab6ed55390fac83fb762698d41e29f6cbf42cb91095a52a729988"

[nodes."src/analyses/depth.rs"]
hash = "b3:b8e503e3a11129b8b919d60e5f59760ba9cd962d45a3bad45acd583ffeef1a0c"

[nodes."src/analyses/graph_stats.rs"]
hash = "b3:301237a2144f8f333fa2eb08cf4f0b0a9f4caaec6d8020d82cfa34f9c9c37a16"

[nodes."src/analyses/impact_radius.rs"]
hash = "b3:edcbef0f4f7fee60135519c5d2c71d833ad2666fde870b4e4c8b4450b05668a6"

[nodes."src/analyses/mod.rs"]
hash = "b3:72a1f32f7b019fb58cd1f2713ec8157ca2c2f2920d124a0938d30075fe4ec2bb"

[nodes."src/analyses/pagerank.rs"]
hash = "b3:b0bb5ebf038442b9cfb9ad66afa2a4d6f59e1f718703ce896ede1d5bdb3bd051"

[nodes."src/analyses/scc.rs"]
hash = "b3:4f4052af083386594b7146514497457578410826b4865093783be4b3351d20d3"

[nodes."src/analyses/transitive_reduction.rs"]
hash = "b3:5f9d9eaffddb886783a31c790e72cbc8cd6c0429ca2489a4cb9a183a3fe94021"

[nodes."src/cli.rs"]
hash = "b3:22d7df3070e588d766cdfb4d0a6ead5fe6e8ed36a7374b72e79bcbcee5e8ea4f"

[nodes."src/config.rs"]
hash = "b3:1f54ece863e8fa60096b2030f361ef7f4e99b7bd1bc98b2d269f5a0439db4d6e"

[nodes."src/diagnostic.rs"]
hash = "b3:3c6a5ec726aeede9b603863040ffa12fa1a61e5ce7afdd17613da4989ebc57b1"

[nodes."src/discovery.rs"]
hash = "b3:4b27a9d9ac51340c82fa2aab43a0a5333ac4a517a6e47c8b485f89dc72f26c92"

[nodes."src/graph.rs"]
hash = "b3:4dee0d166f4b5d78cabcd70251ba5b71e0d3ea6a0eacf521b61868eb170fb8f3"

[nodes."src/lockfile.rs"]
hash = "b3:0ce099a15b74a80bd0eef5d33e52235580ea28235d86eac9a4a77125bf9180a2"

[nodes."src/main.rs"]
hash = "b3:d92ff112bd263f85e22aa67eb4536fcfbc6cf3d12a93a5639232065e8f9ac181"

[nodes."src/metrics.rs"]
hash = "b3:e745c8feec1ad1a0759998510d899d6d0213fcd559f1d5f45f6ec243841b1343"

[nodes."src/parsers/custom.rs"]
hash = "b3:edd9afac31f40c2c581d8ccc0daa79e6399c986f5b9d78e11861a9ab56405754"

[nodes."src/parsers/frontmatter.rs"]
hash = "b3:d079d6a6cdaa4fad03b174e6b387ee808da48d842068ff8399bd3d92e1b0db09"

[nodes."src/parsers/markdown.rs"]
hash = "b3:28da93c1e7f1791dafbc473cd8813a62a2d490fb24f85f742935ede7207f8df2"

[nodes."src/parsers/mod.rs"]
hash = "b3:b2c2e8a4e6287ee922a6fb55c9a294261f8d746b646197111043eb85944d6a9f"

[nodes."src/rules/custom.rs"]
hash = "b3:8e860f43ac42cc3046d7d10b782c831248088be598a7ad3085e57592e449e995"

[nodes."src/rules/directed_cycle.rs"]
hash = "b3:8658d3ad2da13f805cbb9308114ec55b0e8dfbba60dfbc75bec8c2d9c23b63a4"

[nodes."src/rules/fragmentation.rs"]
hash = "b3:6b96f22b78cbac5bcff9ee2267af29cf22866ae5ccc5329d534ca3b5e3946211"

[nodes."src/rules/mod.rs"]
hash = "b3:221d99f63887305b849c6916840294267aba7bafff3596c5768d0a0b1d5b4d95"

[nodes."src/rules/orphan_node.rs"]
hash = "b3:a5aba81cbfae11ccc186846ec2355277ffba14e3ba7fe243b607d16e3ba46c77"

[nodes."src/rules/schema_violation.rs"]
hash = "b3:584992faece0def03aa5be7976f68168a2535bb4d92124eebf11a51437bd49ae"

[nodes."src/rules/stale.rs"]
hash = "b3:2ddef79a2627b3402cac3b98326c56b97ccfe2a544dc91e02681852907b60e30"

[nodes."src/rules/symlink_edge.rs"]
hash = "b3:49fc9819b39a28a8e9e7915cbe489900344358ae282c725857b343ac59af44f2"

[nodes."src/rules/unresolved_edge.rs"]
hash = "b3:8bf9307b0c39bb06e71ff978ca5a7000460728f06d2566c44c389d799e7ea600"
