# drft.lock — generated by `drft lock`. Do not edit by hand.

[[node]]
path = "CHANGELOG.md"
hash = "b3:dcc37cad97f81c367c8e518adf6fb07951f00315ef059e3b9afc170a1583b231"

[[node]]
path = "CLAUDE.md"
hash = "b3:0969ac78a55a00eac0970c228b35a31cdc6d509b15b423aa0942d63e2be24a62"

[[node.edge]]
target = "RELEASING.md"
target_hash = "b3:a19242513f209cc06c4f861998eb903bfd7461721b149ddeceab07f4364e5782"

[[node.edge]]
target = "src/compose.rs"
target_hash = "b3:68576e338380b4177d5b684800af0d969b11150757b7ad4bc2407ec743a29996"

[[node]]
path = "CONTRIBUTING.md"
hash = "b3:3dcef950354ef81379cda73783db38a32f336b10874c3b537fcf41fcf627d6b7"

[[node.edge]]
target = "docs/rules/README.md"
target_hash = "b3:511fc097942df7fca33c194fb94f4e074e933dd0f1311120a406389255dd8019"

[[node.edge]]
target = "src/builders/mod.rs"
target_hash = "b3:87a44276ef8a5482a6fa9d10305b349a7f074b868444d7dad234946e54298693"

[[node.edge]]
target = "src/compose.rs"
target_hash = "b3:68576e338380b4177d5b684800af0d969b11150757b7ad4bc2407ec743a29996"

[[node.edge]]
target = "src/config.rs"
target_hash = "b3:021e8eff99087875ae2b4c53395dd518916bd2a14e9330e84327fae799eeceaa"

[[node.edge]]
target = "src/graphs/mod.rs"
target_hash = "b3:26906bea2ae5006c63626eff14b4dfa0287ad0813f28411d81c820da7adadf49"

[[node.edge]]
target = "src/lock.rs"
target_hash = "b3:65db8cdb555446d1a6c572cc1963e97bd35dabccf58eaad22c9d6a0eb4f6f8f6"

[[node.edge]]
target = "src/model.rs"
target_hash = "b3:268873d2928dd64ea2a27fee11c723c55cf3bda42223cee979ea7ed49bb09ea0"

[[node.edge]]
target = "src/parsers/mod.rs"
target_hash = "b3:9635fb35963946b82f9b021a6db28deb8d77adc0de9662cd2e8588a1b644c9a1"

[[node.edge]]
target = "src/rules/check.rs"
target_hash = "b3:dbfd7ada90f80ffa0b5d9caa424237bdafe31dad616ff05e1fdfe0af7fcdc472"

[[node.edge]]
target = "src/sources/fs.rs"
target_hash = "b3:013cbb5f54756f401244b4cd43b596671273a92c0653507754420cb716bf8b85"

[[node.edge]]
target = "src/util.rs"
target_hash = "b3:6ba15cbe120323cea04b34745bc9e781a26f3ab241a877038cc9f4d323cbcb9a"

[[node]]
path = "Cargo.toml"
hash = "b3:e8bc6a0535e89bbdec8e074cb7d4e09ece1d0db091d86377134c4568148701b8"

[[node]]
path = "LICENSE"
hash = "b3:871c2fd5cdfe89fa6ff01664a1420bf40d0ab18c0e250e59a3ab27225f31bb0e"

[[node]]
path = "README.md"
hash = "b3:f2b9e2353d6293f0a6f449947b502645c47b5f77c053708993b09da097a5578b"

[[node.edge]]
target = "CLAUDE.md"
target_hash = "b3:0969ac78a55a00eac0970c228b35a31cdc6d509b15b423aa0942d63e2be24a62"

[[node.edge]]
target = "docs/README.md"
target_hash = "b3:6bedfe0f6e8073abf5cbb72880a515a8c956f14e05ba2bbf3a52ebade589cf60"

[[node.edge]]
target = "docs/config.md"
target_hash = "b3:b3484638fedd594f31e943e40e2fc2f0e6817a5dd63b95a657a8bf7089d63e02"

[[node.edge]]
target = "https://github.com/johnmdonahue/drft-cli/releases"

[[node]]
path = "RELEASING.md"
hash = "b3:a19242513f209cc06c4f861998eb903bfd7461721b149ddeceab07f4364e5782"

[[node]]
path = "dist-workspace.toml"
hash = "b3:70c1b3ef7b655bf68cbb1a35b6d9683924c97b34b9f6647f9aef507ef116cebf"

[[node]]
path = "docs/README.md"
hash = "b3:6bedfe0f6e8073abf5cbb72880a515a8c956f14e05ba2bbf3a52ebade589cf60"

[[node.edge]]
target = "docs/config.md"
target_hash = "b3:b3484638fedd594f31e943e40e2fc2f0e6817a5dd63b95a657a8bf7089d63e02"

[[node.edge]]
target = "docs/parsers/README.md"
target_hash = "b3:ce37fbefb48a70e1022db1407876af7afe5c2e01135c6c3f8871da8c4902fd2e"

[[node.edge]]
target = "docs/rules/README.md"
target_hash = "b3:511fc097942df7fca33c194fb94f4e074e933dd0f1311120a406389255dd8019"

[[node]]
path = "docs/config.md"
hash = "b3:b3484638fedd594f31e943e40e2fc2f0e6817a5dd63b95a657a8bf7089d63e02"

[[node.edge]]
target = "docs/rules/README.md"
target_hash = "b3:511fc097942df7fca33c194fb94f4e074e933dd0f1311120a406389255dd8019"

[[node.edge]]
target = "src/cli.rs"
target_hash = "b3:a7fe215608db3509fc4241f5f91c5118fff0ff93fe6bafd1044e2edfff253161"

[[node.edge]]
target = "src/config.rs"
target_hash = "b3:021e8eff99087875ae2b4c53395dd518916bd2a14e9330e84327fae799eeceaa"

[[node]]
path = "docs/parsers/README.md"
hash = "b3:ce37fbefb48a70e1022db1407876af7afe5c2e01135c6c3f8871da8c4902fd2e"

[[node.edge]]
target = "docs/parsers/frontmatter.md"
target_hash = "b3:bd52502f4f916ced07390d6ffeea38124d60b51ccc77c6f303edc9ccf760e2be"

[[node.edge]]
target = "docs/parsers/markdown.md"
target_hash = "b3:5679c9abac48d9328e5829a739eb0586103bde3f46146a3f0341ea6710def8e6"

[[node.edge]]
target = "src/parsers/mod.rs"
target_hash = "b3:9635fb35963946b82f9b021a6db28deb8d77adc0de9662cd2e8588a1b644c9a1"

[[node]]
path = "docs/parsers/frontmatter.md"
hash = "b3:bd52502f4f916ced07390d6ffeea38124d60b51ccc77c6f303edc9ccf760e2be"

[[node.edge]]
target = "src/parsers/frontmatter.rs"
target_hash = "b3:1c32eb1364eb4571bf367530319dcc7ab0f4957b5f04492a6d6e951092203c31"

[[node]]
path = "docs/parsers/markdown.md"
hash = "b3:5679c9abac48d9328e5829a739eb0586103bde3f46146a3f0341ea6710def8e6"

[[node.edge]]
target = "docs/parsers/frontmatter.md"
target_hash = "b3:bd52502f4f916ced07390d6ffeea38124d60b51ccc77c6f303edc9ccf760e2be"

[[node.edge]]
target = "src/parsers/markdown.rs"
target_hash = "b3:28da93c1e7f1791dafbc473cd8813a62a2d490fb24f85f742935ede7207f8df2"

[[node]]
path = "docs/rules/README.md"
hash = "b3:511fc097942df7fca33c194fb94f4e074e933dd0f1311120a406389255dd8019"

[[node.edge]]
target = "src/config.rs"
target_hash = "b3:021e8eff99087875ae2b4c53395dd518916bd2a14e9330e84327fae799eeceaa"

[[node.edge]]
target = "src/rules/staleness.rs"
target_hash = "b3:f7c81879dee3812c811970352a148cf54189b34b6127127050f469a7f3ccefeb"

[[node.edge]]
target = "src/rules/structural.rs"
target_hash = "b3:41cb76f5f3807d5c7288f18b375f740092c33907341d120b1f257bf9aab1a8de"

[[node]]
path = "dprint.json"
hash = "b3:d5d34129a3b5777158c5e4241ecb5d7a829df2e94a967f6b586dfbb5ab9e94a7"

[[node]]
path = "drft.toml"
hash = "b3:bb8b68b4d72514b57d5b35056b01273207fe90e32fac6c62ca5fffea0e8c0f71"

[[node]]
path = "npm/README.md"
hash = "b3:f9b05887e9a822bc7070280ba542359b56d89e6f2a17ccb52355808a02f99a16"

[[node.edge]]
target = "https://github.com/johnmdonahue/drft-cli"

[[node]]
path = "npm/bin/drft"
hash = "b3:34c10356db34926a2fdc24569c1ba7e54ea6a3d9021523af809bf956ee9e2629"

[[node]]
path = "npm/install.js"
hash = "b3:32f1eb477c9afdd6a951c6a4a7073064be720b6949488bc276cdf56205b4e04b"

[[node]]
path = "npm/package.json"
hash = "b3:53a3dc0ad192b3874c651e31e595c34d85a926f114a1cadbd99b0cd0c1090f5e"

[[node]]
path = "src/builders/frontmatter.rs"
hash = "b3:e0c4b5db97f3603f8d8ad78073d8309f331ed0f32ef8969e32d4c237f04fd37c"

[[node]]
path = "src/builders/fs.rs"
hash = "b3:5815499cc73095e88897774d01faec58c190258960ebefee644df60475e8ed88"

[[node]]
path = "src/builders/markdown.rs"
hash = "b3:43500472e4d6add42ee3b1558abee26db10525a0295638419353f99f893b8689"

[[node]]
path = "src/builders/mod.rs"
hash = "b3:87a44276ef8a5482a6fa9d10305b349a7f074b868444d7dad234946e54298693"

[[node]]
path = "src/cli.rs"
hash = "b3:a7fe215608db3509fc4241f5f91c5118fff0ff93fe6bafd1044e2edfff253161"

[[node]]
path = "src/compose.rs"
hash = "b3:68576e338380b4177d5b684800af0d969b11150757b7ad4bc2407ec743a29996"

[[node]]
path = "src/config.rs"
hash = "b3:021e8eff99087875ae2b4c53395dd518916bd2a14e9330e84327fae799eeceaa"

[[node]]
path = "src/diagnostic.rs"
hash = "b3:0fdd669114cbb6acc7862a20a5fb718124f4649327aba0938014c07963f5524b"

[[node]]
path = "src/graphs/mod.rs"
hash = "b3:26906bea2ae5006c63626eff14b4dfa0287ad0813f28411d81c820da7adadf49"

[[node]]
path = "src/impact.rs"
hash = "b3:83f82eb47bd8a38ac704b2e287f467c2c2d4d76d222b9c5cfa01dc8ed2715246"

[[node]]
path = "src/lib.rs"
hash = "b3:9bd6306f5e3878158b0e19958a2dafd3b1203e61afd544e2204081b212b04fb3"

[[node]]
path = "src/lock.rs"
hash = "b3:65db8cdb555446d1a6c572cc1963e97bd35dabccf58eaad22c9d6a0eb4f6f8f6"

[[node]]
path = "src/main.rs"
hash = "b3:3ea1ac80b93a55dba819d9deaf72cf97f0a17e93bc2659426f36eff8e7a5601d"

[[node]]
path = "src/model.rs"
hash = "b3:268873d2928dd64ea2a27fee11c723c55cf3bda42223cee979ea7ed49bb09ea0"

[[node]]
path = "src/parsers/frontmatter.rs"
hash = "b3:1c32eb1364eb4571bf367530319dcc7ab0f4957b5f04492a6d6e951092203c31"

[[node]]
path = "src/parsers/markdown.rs"
hash = "b3:28da93c1e7f1791dafbc473cd8813a62a2d490fb24f85f742935ede7207f8df2"

[[node]]
path = "src/parsers/mod.rs"
hash = "b3:9635fb35963946b82f9b021a6db28deb8d77adc0de9662cd2e8588a1b644c9a1"

[[node]]
path = "src/rules/check.rs"
hash = "b3:dbfd7ada90f80ffa0b5d9caa424237bdafe31dad616ff05e1fdfe0af7fcdc472"

[[node]]
path = "src/rules/mod.rs"
hash = "b3:afefc5647df5ea7ab016bf3666c7f05f5770744461e5c24220d8eb8c0ede6dce"

[[node]]
path = "src/rules/staleness.rs"
hash = "b3:f7c81879dee3812c811970352a148cf54189b34b6127127050f469a7f3ccefeb"

[[node]]
path = "src/rules/structural.rs"
hash = "b3:41cb76f5f3807d5c7288f18b375f740092c33907341d120b1f257bf9aab1a8de"

[[node]]
path = "src/sources/fs.rs"
hash = "b3:013cbb5f54756f401244b4cd43b596671273a92c0653507754420cb716bf8b85"

[[node]]
path = "src/sources/mod.rs"
hash = "b3:51304c236b62afa173e08da13dd8601ca9a469ebc07310aa64ebe1c555347bbf"

[[node]]
path = "src/util.rs"
hash = "b3:6ba15cbe120323cea04b34745bc9e781a26f3ab241a877038cc9f4d323cbcb9a"

[[node]]
path = "tests/check.rs"
hash = "b3:a0426e554791551e01965fab10beaac45b26464d5aa8bc6eb6f8efebc0ed8e9b"

[[node]]
path = "tests/common/mod.rs"
hash = "b3:2d229609bd5598d5ca83de9d55a84fbcd29e54cb545ef562295ff9c483e5cd2e"

[[node]]
path = "tests/graph.rs"
hash = "b3:f5de4a0738cbf59de6a237fac234e2e73dc64fbc8b379404a9bee15426801096"

[[node]]
path = "tests/impact.rs"
hash = "b3:8829e9af3cb1699dd67da3078d8809065e2f0b0903f43b1afb90a5630bfca756"

[[node]]
path = "tests/init.rs"
hash = "b3:3f204367543be07409c4ba4327b81f0843d3647b71f24a8a44e1be39f78ed554"

[[node]]
path = "tests/lock.rs"
hash = "b3:6ca7db72d02c89eacdf383a7833d372c38e85fccaf7849466b2d72d905468a6b"

[[node]]
path = "tests/output.rs"
hash = "b3:3d71c897609243424530d52eeb8918482e3e7c73fb63b3a75b590fa1f6a45d23"

[[node]]
path = "tests/parsers.rs"
hash = "b3:fbed5a6bd4dad42984899481d006b942f296d4ac045ebdd0982c54a1aa60778b"

[[node]]
path = "tests/rules.rs"
hash = "b3:8301919e3afd4af1b6ec9765bc3f3007fa2f95a8cbeee25d588d71f04aa52a78"
