lockfile_version = 2

[nodes."README.md"]
type = "file"
hash = "b3:482518ecf2ae9eb07ddbb55f420df6ce48bd360f453f94b05575fc1ecde65671"

[nodes."drafts/wip.md"]
type = "external"
hash = "b3:506d943271894a4a4092b0cc1ea93702f3724c381f0576625df1594dc5516736"

[nodes."index.md"]
type = "file"
hash = "b3:9c29dd9aa31340c0273854ebcfc0f18a36b6d60c98ddf72709de8567552b9ac5"

[nodes."setup.md"]
type = "file"
hash = "b3:caae5d263cf608bf1057ee58b609c2e15ee0665fab62eaf3d873b79a320684b4"
