lockfile_version = 2

[nodes."index.md"]
type = "file"
hash = "b3:58ae2247fe46fac10e152e2465ac709f5cc5077c06f33815e1897c9dde301362"

[nodes."orphan.md"]
type = "file"
hash = "b3:36d6cb2362f064027642bc1498896917944f3d627f258d2d9208600e636a55a1"

[nodes."roadmap.md"]
type = "file"
hash = "b3:3d19a8521087de39528ab83626f974cee2f11afeb44b92ba3b9c7e0c74949769"
