lockfile_version = 2

[nodes."README.md"]
type = "file"
hash = "b3:1fe8430b118fde69d5bd4298ff41efdad15f5d2827f0468e39567913d8af95a5"

[nodes."docs/architecture.md"]
type = "file"
hash = "b3:33b64e15f2ed5b9e297d6266c19ab8dbccbe09c731c4af7065d3aa76622c450e"

[nodes."docs/overview.md"]
type = "file"
hash = "b3:f116d530190009c4909d4b7f15251389c65981f6dd15a3042ceaec2ff72dc965"

[nodes."projects/alpha"]
type = "directory"
hash = "b3:a96abcf02ad7d670e2252fe4d602174a9d93c8c51ea1c6780d04f2decb8cac54"

[nodes."projects/alpha/index.md"]
type = "external"
hash = "b3:6269623b605353fe5aaf62cc92c3c817363ee1d73dd048a38ad0f85e2aa19d54"
graph = "projects/alpha"

[nodes."projects/beta"]
type = "directory"
hash = "b3:2719bab486f0b185105e9a0460dfc4eed9e5a43769fbf3be2339570aaf248b90"

[nodes."projects/beta/index.md"]
type = "external"
hash = "b3:58ae2247fe46fac10e152e2465ac709f5cc5077c06f33815e1897c9dde301362"
graph = "projects/beta"
