lockfile_version = 2

[nodes."api.md"]
type = "source"
hash = "b3:934b4dd22cd3bbc0e5eea7b5eebaf1af22c3c38ea4210e3d8cdaea63a951475e"

[nodes."design.md"]
type = "source"
hash = "b3:ba0f4c97ff598d001d04a2c9fc943b569922551a9f8203f1660d8aa9448e89ee"

[nodes."index.md"]
type = "source"
hash = "b3:6269623b605353fe5aaf62cc92c3c817363ee1d73dd048a38ad0f85e2aa19d54"
